{
  "name": "ai-change",
  "lockfileVersion": 3,
  "requires": true,
  "packages": {
    "": {
      "devDependencies": {
        "@cloudflare/workers-types": "^5.20260829.1"
      }
    },
    "node_modules/@cloudflare/workers-types": {
      "version": "5.20260829.1",
      "resolved": "https://registry.npmjs.org/@cloudflare/workers-types/-/workers-types-5.20260829.1.tgz",
      "integrity": "sha512-SsH4G9+JePvrBmz+b5Dl67LQ9w2/ycoIpAPcAkfg2aEs2SEisQHk7/AY0TymSXEBbDbWgcBqoLe4hNcuY3CxWA==",
      "dev": true,
      "license": "MIT OR Apache-2.0"
    }
  }
}
